// !$*UTF8*$!
{
	archiveVersion = 1;
	classes = {
	};
	objectVersion = 56;
	objects = {

/* Begin PBXBuildFile section */
		E12EBAEA2B8367BD00E0BBE2 /* MapAppApp.swift in Sources */ = {isa = PBXBuildFile; fileRef = E12EBAE92B8367BD00E0BBE2 /* MapAppApp.swift */; };
		E12EBAEC2B8367BD00E0BBE2 /* MapScreen.swift in Sources */ = {isa = PBXBuildFile; fileRef = E12EBAEB2B8367BD00E0BBE2 /* MapScreen.swift */; };
		E12EBAEE2B8367C100E0BBE2 /* Assets.xcassets in Resources */ = {isa = PBXBuildFile; fileRef = E12EBAED2B8367C100E0BBE2 /* Assets.xcassets */; };
		E12EBAF12B8367C100E0BBE2 /* Preview Assets.xcassets in Resources */ = {isa = PBXBuildFile; fileRef = E12EBAF02B8367C100E0BBE2 /* Preview Assets.xcassets */; };
		E12EBAFB2B8367C100E0BBE2 /* MapAppTests.swift in Sources */ = {isa = PBXBuildFile; fileRef = E12EBAFA2B8367C100E0BBE2 /* MapAppTests.swift */; };
		E12EBB052B8367C100E0BBE2 /* MapAppUITests.swift in Sources */ = {isa = PBXBuildFile; fileRef = E12EBB042B8367C100E0BBE2 /* MapAppUITests.swift */; };
		E12EBB072B8367C100E0BBE2 /* MapAppUITestsLaunchTests.swift in Sources */ = {isa = PBXBuildFile; fileRef = E12EBB062B8367C100E0BBE2 /* MapAppUITestsLaunchTests.swift */; };
		E12EBB192B836CF300E0BBE2 /* WelcomeScreenViewModel.swift in Sources */ = {isa = PBXBuildFile; fileRef = E12EBB182B836CF300E0BBE2 /* WelcomeScreenViewModel.swift */; };
		E12EBB1C2B8375A100E0BBE2 /* Constants.swift in Sources */ = {isa = PBXBuildFile; fileRef = E12EBB1B2B8375A000E0BBE2 /* Constants.swift */; };
		E12EBB1F2B83836300E0BBE2 /* UserLocationHelperImpl.swift in Sources */ = {isa = PBXBuildFile; fileRef = E12EBB1E2B83836300E0BBE2 /* UserLocationHelperImpl.swift */; };
		E12EBB222B83838500E0BBE2 /* UserLocationHelperProtocol.swift in Sources */ = {isa = PBXBuildFile; fileRef = E12EBB212B83838500E0BBE2 /* UserLocationHelperProtocol.swift */; };
		E12EBB252B83909D00E0BBE2 /* WelcomeScreen.swift in Sources */ = {isa = PBXBuildFile; fileRef = E12EBB242B83909D00E0BBE2 /* WelcomeScreen.swift */; };
		E12EBB292B839A4500E0BBE2 /* Destination.swift in Sources */ = {isa = PBXBuildFile; fileRef = E12EBB282B839A4500E0BBE2 /* Destination.swift */; };
		E12EBB2B2B83AA9600E0BBE2 /* MapScreenViewModel.swift in Sources */ = {isa = PBXBuildFile; fileRef = E12EBB2A2B83AA9600E0BBE2 /* MapScreenViewModel.swift */; };
		E1D259D02B84F1D8006EB6BC /* RandomLocationModel.swift in Sources */ = {isa = PBXBuildFile; fileRef = E1D259CF2B84F1D7006EB6BC /* RandomLocationModel.swift */; };
		E1D259D22B84F1EE006EB6BC /* NetworkClientProtocol.swift in Sources */ = {isa = PBXBuildFile; fileRef = E1D259D12B84F1EE006EB6BC /* NetworkClientProtocol.swift */; };
		E1D259D42B84F1FE006EB6BC /* NetworkClientImpl.swift in Sources */ = {isa = PBXBuildFile; fileRef = E1D259D32B84F1FE006EB6BC /* NetworkClientImpl.swift */; };
/* End PBXBuildFile section */

/* Begin PBXContainerItemProxy section */
		E12EBAF72B8367C100E0BBE2 /* PBXContainerItemProxy */ = {
			isa = PBXContainerItemProxy;
			containerPortal = E12EBADE2B8367BD00E0BBE2 /* Project object */;
			proxyType = 1;
			remoteGlobalIDString = E12EBAE52B8367BD00E0BBE2;
			remoteInfo = MapApp;
		};
		E12EBB012B8367C100E0BBE2 /* PBXContainerItemProxy */ = {
			isa = PBXContainerItemProxy;
			containerPortal = E12EBADE2B8367BD00E0BBE2 /* Project object */;
			proxyType = 1;
			remoteGlobalIDString = E12EBAE52B8367BD00E0BBE2;
			remoteInfo = MapApp;
		};
/* End PBXContainerItemProxy section */

/* Begin PBXFileReference section */
		E12EBAE62B8367BD00E0BBE2 /* MapApp.app */ = {isa = PBXFileReference; explicitFileType = wrapper.application; includeInIndex = 0; path = MapApp.app; sourceTree = BUILT_PRODUCTS_DIR; };
		E12EBAE92B8367BD00E0BBE2 /* MapAppApp.swift */ = {isa = PBXFileReference; lastKnownFileType = sourcecode.swift; path = MapAppApp.swift; sourceTree = "<group>"; };
		E12EBAEB2B8367BD00E0BBE2 /* MapScreen.swift */ = {isa = PBXFileReference; lastKnownFileType = sourcecode.swift; path = MapScreen.swift; sourceTree = "<group>"; };
		E12EBAED2B8367C100E0BBE2 /* Assets.xcassets */ = {isa = PBXFileReference; lastKnownFileType = folder.assetcatalog; path = Assets.xcassets; sourceTree = "<group>"; };
		E12EBAF02B8367C100E0BBE2 /* Preview Assets.xcassets */ = {isa = PBXFileReference; lastKnownFileType = folder.assetcatalog; path = "Preview Assets.xcassets"; sourceTree = "<group>"; };
		E12EBAF62B8367C100E0BBE2 /* MapAppTests.xctest */ = {isa = PBXFileReference; explicitFileType = wrapper.cfbundle; includeInIndex = 0; path = MapAppTests.xctest; sourceTree = BUILT_PRODUCTS_DIR; };
		E12EBAFA2B8367C100E0BBE2 /* MapAppTests.swift */ = {isa = PBXFileReference; lastKnownFileType = sourcecode.swift; path = MapAppTests.swift; sourceTree = "<group>"; };
		E12EBB002B8367C100E0BBE2 /* MapAppUITests.xctest */ = {isa = PBXFileReference; explicitFileType = wrapper.cfbundle; includeInIndex = 0; path = MapAppUITests.xctest; sourceTree = BUILT_PRODUCTS_DIR; };
		E12EBB042B8367C100E0BBE2 /* MapAppUITests.swift */ = {isa = PBXFileReference; lastKnownFileType = sourcecode.swift; path = MapAppUITests.swift; sourceTree = "<group>"; };
		E12EBB062B8367C100E0BBE2 /* MapAppUITestsLaunchTests.swift */ = {isa = PBXFileReference; lastKnownFileType = sourcecode.swift; path = MapAppUITestsLaunchTests.swift; sourceTree = "<group>"; };
		E12EBB182B836CF300E0BBE2 /* WelcomeScreenViewModel.swift */ = {isa = PBXFileReference; lastKnownFileType = sourcecode.swift; path = WelcomeScreenViewModel.swift; sourceTree = "<group>"; };
		E12EBB1B2B8375A000E0BBE2 /* Constants.swift */ = {isa = PBXFileReference; lastKnownFileType = sourcecode.swift; path = Constants.swift; sourceTree = "<group>"; };
		E12EBB1E2B83836300E0BBE2 /* UserLocationHelperImpl.swift */ = {isa = PBXFileReference; lastKnownFileType = sourcecode.swift; path = UserLocationHelperImpl.swift; sourceTree = "<group>"; };
		E12EBB212B83838500E0BBE2 /* UserLocationHelperProtocol.swift */ = {isa = PBXFileReference; lastKnownFileType = sourcecode.swift; path = UserLocationHelperProtocol.swift; sourceTree = "<group>"; };
		E12EBB242B83909D00E0BBE2 /* WelcomeScreen.swift */ = {isa = PBXFileReference; lastKnownFileType = sourcecode.swift; path = WelcomeScreen.swift; sourceTree = "<group>"; };
		E12EBB282B839A4500E0BBE2 /* Destination.swift */ = {isa = PBXFileReference; lastKnownFileType = sourcecode.swift; path = Destination.swift; sourceTree = "<group>"; };
		E12EBB2A2B83AA9600E0BBE2 /* MapScreenViewModel.swift */ = {isa = PBXFileReference; lastKnownFileType = sourcecode.swift; path = MapScreenViewModel.swift; sourceTree = "<group>"; };
		E1D2597C2B84D998006EB6BC /* MapKit.framework */ = {isa = PBXFileReference; lastKnownFileType = wrapper.framework; name = MapKit.framework; path = System/Library/Frameworks/MapKit.framework; sourceTree = SDKROOT; };
		E1D259CF2B84F1D7006EB6BC /* RandomLocationModel.swift */ = {isa = PBXFileReference; lastKnownFileType = sourcecode.swift; path = RandomLocationModel.swift; sourceTree = "<group>"; };
		E1D259D12B84F1EE006EB6BC /* NetworkClientProtocol.swift */ = {isa = PBXFileReference; lastKnownFileType = sourcecode.swift; path = NetworkClientProtocol.swift; sourceTree = "<group>"; };
		E1D259D32B84F1FE006EB6BC /* NetworkClientImpl.swift */ = {isa = PBXFileReference; lastKnownFileType = sourcecode.swift; path = NetworkClientImpl.swift; sourceTree = "<group>"; };
/* End PBXFileReference section */

/* Begin PBXFrameworksBuildPhase section */
		E12EBAE32B8367BD00E0BBE2 /* Frameworks */ = {
			isa = PBXFrameworksBuildPhase;
			buildActionMask = 2147483647;
			files = (
			);
			runOnlyForDeploymentPostprocessing = 0;
		};
		E12EBAF32B8367C100E0BBE2 /* Frameworks */ = {
			isa = PBXFrameworksBuildPhase;
			buildActionMask = 2147483647;
			files = (
			);
			runOnlyForDeploymentPostprocessing = 0;
		};
		E12EBAFD2B8367C100E0BBE2 /* Frameworks */ = {
			isa = PBXFrameworksBuildPhase;
			buildActionMask = 2147483647;
			files = (
			);
			runOnlyForDeploymentPostprocessing = 0;
		};
/* End PBXFrameworksBuildPhase section */

/* Begin PBXGroup section */
		E12EBADD2B8367BD00E0BBE2 = {
			isa = PBXGroup;
			children = (
				E12EBAE82B8367BD00E0BBE2 /* MapApp */,
				E12EBAF92B8367C100E0BBE2 /* MapAppTests */,
				E12EBB032B8367C100E0BBE2 /* MapAppUITests */,
				E12EBAE72B8367BD00E0BBE2 /* Products */,
				E1D2597B2B84D998006EB6BC /* Frameworks */,
			);
			sourceTree = "<group>";
		};
		E12EBAE72B8367BD00E0BBE2 /* Products */ = {
			isa = PBXGroup;
			children = (
				E12EBAE62B8367BD00E0BBE2 /* MapApp.app */,
				E12EBAF62B8367C100E0BBE2 /* MapAppTests.xctest */,
				E12EBB002B8367C100E0BBE2 /* MapAppUITests.xctest */,
			);
			name = Products;
			sourceTree = "<group>";
		};
		E12EBAE82B8367BD00E0BBE2 /* MapApp */ = {
			isa = PBXGroup;
			children = (
				E12EBAE92B8367BD00E0BBE2 /* MapAppApp.swift */,
				E12EBAED2B8367C100E0BBE2 /* Assets.xcassets */,
				E12EBB132B83682400E0BBE2 /* data */,
				E12EBB142B83683000E0BBE2 /* domain */,
				E12EBB152B83684200E0BBE2 /* presentation */,
				E12EBAEF2B8367C100E0BBE2 /* Preview Content */,
			);
			path = MapApp;
			sourceTree = "<group>";
		};
		E12EBAEF2B8367C100E0BBE2 /* Preview Content */ = {
			isa = PBXGroup;
			children = (
				E12EBAF02B8367C100E0BBE2 /* Preview Assets.xcassets */,
			);
			path = "Preview Content";
			sourceTree = "<group>";
		};
		E12EBAF92B8367C100E0BBE2 /* MapAppTests */ = {
			isa = PBXGroup;
			children = (
				E12EBAFA2B8367C100E0BBE2 /* MapAppTests.swift */,
			);
			path = MapAppTests;
			sourceTree = "<group>";
		};
		E12EBB032B8367C100E0BBE2 /* MapAppUITests */ = {
			isa = PBXGroup;
			children = (
				E12EBB042B8367C100E0BBE2 /* MapAppUITests.swift */,
				E12EBB062B8367C100E0BBE2 /* MapAppUITestsLaunchTests.swift */,
			);
			path = MapAppUITests;
			sourceTree = "<group>";
		};
		E12EBB132B83682400E0BBE2 /* data */ = {
			isa = PBXGroup;
			children = (
				E1D259CE2B84F188006EB6BC /* network */,
				E12EBB1D2B83825F00E0BBE2 /* location */,
				E12EBB1A2B83759100E0BBE2 /* utils */,
			);
			path = data;
			sourceTree = "<group>";
		};
		E12EBB142B83683000E0BBE2 /* domain */ = {
			isa = PBXGroup;
			children = (
				E12EBB202B83837200E0BBE2 /* location */,
			);
			path = domain;
			sourceTree = "<group>";
		};
		E12EBB152B83684200E0BBE2 /* presentation */ = {
			isa = PBXGroup;
			children = (
				E12EBB172B836CC400E0BBE2 /* screens */,
				E12EBB162B836CB300E0BBE2 /* viewmodels */,
			);
			path = presentation;
			sourceTree = "<group>";
		};
		E12EBB162B836CB300E0BBE2 /* viewmodels */ = {
			isa = PBXGroup;
			children = (
				E12EBB182B836CF300E0BBE2 /* WelcomeScreenViewModel.swift */,
				E12EBB2A2B83AA9600E0BBE2 /* MapScreenViewModel.swift */,
			);
			path = viewmodels;
			sourceTree = "<group>";
		};
		E12EBB172B836CC400E0BBE2 /* screens */ = {
			isa = PBXGroup;
			children = (
				E12EBAEB2B8367BD00E0BBE2 /* MapScreen.swift */,
				E12EBB242B83909D00E0BBE2 /* WelcomeScreen.swift */,
			);
			path = screens;
			sourceTree = "<group>";
		};
		E12EBB1A2B83759100E0BBE2 /* utils */ = {
			isa = PBXGroup;
			children = (
				E12EBB1B2B8375A000E0BBE2 /* Constants.swift */,
				E12EBB282B839A4500E0BBE2 /* Destination.swift */,
			);
			path = utils;
			sourceTree = "<group>";
		};
		E12EBB1D2B83825F00E0BBE2 /* location */ = {
			isa = PBXGroup;
			children = (
				E12EBB1E2B83836300E0BBE2 /* UserLocationHelperImpl.swift */,
			);
			path = location;
			sourceTree = "<group>";
		};
		E12EBB202B83837200E0BBE2 /* location */ = {
			isa = PBXGroup;
			children = (
				E12EBB212B83838500E0BBE2 /* UserLocationHelperProtocol.swift */,
			);
			path = location;
			sourceTree = "<group>";
		};
		E1D2597B2B84D998006EB6BC /* Frameworks */ = {
			isa = PBXGroup;
			children = (
				E1D2597C2B84D998006EB6BC /* MapKit.framework */,
			);
			name = Frameworks;
			sourceTree = "<group>";
		};
		E1D259CE2B84F188006EB6BC /* network */ = {
			isa = PBXGroup;
			children = (
				E1D259CF2B84F1D7006EB6BC /* RandomLocationModel.swift */,
				E1D259D12B84F1EE006EB6BC /* NetworkClientProtocol.swift */,
				E1D259D32B84F1FE006EB6BC /* NetworkClientImpl.swift */,
			);
			path = network;
			sourceTree = "<group>";
		};
/* End PBXGroup section */

/* Begin PBXNativeTarget section */
		E12EBAE52B8367BD00E0BBE2 /* MapApp */ = {
			isa = PBXNativeTarget;
			buildConfigurationList = E12EBB0A2B8367C100E0BBE2 /* Build configuration list for PBXNativeTarget "MapApp" */;
			buildPhases = (
				E12EBAE22B8367BD00E0BBE2 /* Sources */,
				E12EBAE32B8367BD00E0BBE2 /* Frameworks */,
				E12EBAE42B8367BD00E0BBE2 /* Resources */,
			);
			buildRules = (
			);
			dependencies = (
			);
			name = MapApp;
			productName = MapApp;
			productReference = E12EBAE62B8367BD00E0BBE2 /* MapApp.app */;
			productType = "com.apple.product-type.application";
		};
		E12EBAF52B8367C100E0BBE2 /* MapAppTests */ = {
			isa = PBXNativeTarget;
			buildConfigurationList = E12EBB0D2B8367C100E0BBE2 /* Build configuration list for PBXNativeTarget "MapAppTests" */;
			buildPhases = (
				E12EBAF22B8367C100E0BBE2 /* Sources */,
				E12EBAF32B8367C100E0BBE2 /* Frameworks */,
				E12EBAF42B8367C100E0BBE2 /* Resources */,
			);
			buildRules = (
			);
			dependencies = (
				E12EBAF82B8367C100E0BBE2 /* PBXTargetDependency */,
			);
			name = MapAppTests;
			productName = MapAppTests;
			productReference = E12EBAF62B8367C100E0BBE2 /* MapAppTests.xctest */;
			productType = "com.apple.product-type.bundle.unit-test";
		};
		E12EBAFF2B8367C100E0BBE2 /* MapAppUITests */ = {
			isa = PBXNativeTarget;
			buildConfigurationList = E12EBB102B8367C100E0BBE2 /* Build configuration list for PBXNativeTarget "MapAppUITests" */;
			buildPhases = (
				E12EBAFC2B8367C100E0BBE2 /* Sources */,
				E12EBAFD2B8367C100E0BBE2 /* Frameworks */,
				E12EBAFE2B8367C100E0BBE2 /* Resources */,
			);
			buildRules = (
			);
			dependencies = (
				E12EBB022B8367C100E0BBE2 /* PBXTargetDependency */,
			);
			name = MapAppUITests;
			productName = MapAppUITests;
			productReference = E12EBB002B8367C100E0BBE2 /* MapAppUITests.xctest */;
			productType = "com.apple.product-type.bundle.ui-testing";
		};
/* End PBXNativeTarget section */

/* Begin PBXProject section */
		E12EBADE2B8367BD00E0BBE2 /* Project object */ = {
			isa = PBXProject;
			attributes = {
				BuildIndependentTargetsInParallel = 1;
				LastSwiftUpdateCheck = 1520;
				LastUpgradeCheck = 1520;
				TargetAttributes = {
					E12EBAE52B8367BD00E0BBE2 = {
						CreatedOnToolsVersion = 15.2;
					};
					E12EBAF52B8367C100E0BBE2 = {
						CreatedOnToolsVersion = 15.2;
						TestTargetID = E12EBAE52B8367BD00E0BBE2;
					};
					E12EBAFF2B8367C100E0BBE2 = {
						CreatedOnToolsVersion = 15.2;
						TestTargetID = E12EBAE52B8367BD00E0BBE2;
					};
				};
			};
			buildConfigurationList = E12EBAE12B8367BD00E0BBE2 /* Build configuration list for PBXProject "MapApp" */;
			compatibilityVersion = "Xcode 14.0";
			developmentRegion = en;
			hasScannedForEncodings = 0;
			knownRegions = (
				en,
				Base,
			);
			mainGroup = E12EBADD2B8367BD00E0BBE2;
			productRefGroup = E12EBAE72B8367BD00E0BBE2 /* Products */;
			projectDirPath = "";
			projectRoot = "";
			targets = (
				E12EBAE52B8367BD00E0BBE2 /* MapApp */,
				E12EBAF52B8367C100E0BBE2 /* MapAppTests */,
				E12EBAFF2B8367C100E0BBE2 /* MapAppUITests */,
			);
		};
/* End PBXProject section */

/* Begin PBXResourcesBuildPhase section */
		E12EBAE42B8367BD00E0BBE2 /* Resources */ = {
			isa = PBXResourcesBuildPhase;
			buildActionMask = 2147483647;
			files = (
				E12EBAF12B8367C100E0BBE2 /* Preview Assets.xcassets in Resources */,
				E12EBAEE2B8367C100E0BBE2 /* Assets.xcassets in Resources */,
			);
			runOnlyForDeploymentPostprocessing = 0;
		};
		E12EBAF42B8367C100E0BBE2 /* Resources */ = {
			isa = PBXResourcesBuildPhase;
			buildActionMask = 2147483647;
			files = (
			);
			runOnlyForDeploymentPostprocessing = 0;
		};
		E12EBAFE2B8367C100E0BBE2 /* Resources */ = {
			isa = PBXResourcesBuildPhase;
			buildActionMask = 2147483647;
			files = (
			);
			runOnlyForDeploymentPostprocessing = 0;
		};
/* End PBXResourcesBuildPhase section */

/* Begin PBXSourcesBuildPhase section */
		E12EBAE22B8367BD00E0BBE2 /* Sources */ = {
			isa = PBXSourcesBuildPhase;
			buildActionMask = 2147483647;
			files = (
				E12EBB222B83838500E0BBE2 /* UserLocationHelperProtocol.swift in Sources */,
				E1D259D42B84F1FE006EB6BC /* NetworkClientImpl.swift in Sources */,
				E12EBAEC2B8367BD00E0BBE2 /* MapScreen.swift in Sources */,
				E12EBAEA2B8367BD00E0BBE2 /* MapAppApp.swift in Sources */,
				E12EBB192B836CF300E0BBE2 /* WelcomeScreenViewModel.swift in Sources */,
				E12EBB2B2B83AA9600E0BBE2 /* MapScreenViewModel.swift in Sources */,
				E12EBB1C2B8375A100E0BBE2 /* Constants.swift in Sources */,
				E12EBB1F2B83836300E0BBE2 /* UserLocationHelperImpl.swift in Sources */,
				E1D259D02B84F1D8006EB6BC /* RandomLocationModel.swift in Sources */,
				E1D259D22B84F1EE006EB6BC /* NetworkClientProtocol.swift in Sources */,
				E12EBB292B839A4500E0BBE2 /* Destination.swift in Sources */,
				E12EBB252B83909D00E0BBE2 /* WelcomeScreen.swift in Sources */,
			);
			runOnlyForDeploymentPostprocessing = 0;
		};
		E12EBAF22B8367C100E0BBE2 /* Sources */ = {
			isa = PBXSourcesBuildPhase;
			buildActionMask = 2147483647;
			files = (
				E12EBAFB2B8367C100E0BBE2 /* MapAppTests.swift in Sources */,
			);
			runOnlyForDeploymentPostprocessing = 0;
		};
		E12EBAFC2B8367C100E0BBE2 /* Sources */ = {
			isa = PBXSourcesBuildPhase;
			buildActionMask = 2147483647;
			files = (
				E12EBB052B8367C100E0BBE2 /* MapAppUITests.swift in Sources */,
				E12EBB072B8367C100E0BBE2 /* MapAppUITestsLaunchTests.swift in Sources */,
			);
			runOnlyForDeploymentPostprocessing = 0;
		};
/* End PBXSourcesBuildPhase section */

/* Begin PBXTargetDependency section */
		E12EBAF82B8367C100E0BBE2 /* PBXTargetDependency */ = {
			isa = PBXTargetDependency;
			target = E12EBAE52B8367BD00E0BBE2 /* MapApp */;
			targetProxy = E12EBAF72B8367C100E0BBE2 /* PBXContainerItemProxy */;
		};
		E12EBB022B8367C100E0BBE2 /* PBXTargetDependency */ = {
			isa = PBXTargetDependency;
			target = E12EBAE52B8367BD00E0BBE2 /* MapApp */;
			targetProxy = E12EBB012B8367C100E0BBE2 /* PBXContainerItemProxy */;
		};
/* End PBXTargetDependency section */

/* Begin XCBuildConfiguration section */
		E12EBB082B8367C100E0BBE2 /* Debug */ = {
			isa = XCBuildConfiguration;
			buildSettings = {
				ALWAYS_SEARCH_USER_PATHS = NO;
				ASSETCATALOG_COMPILER_GENERATE_SWIFT_ASSET_SYMBOL_EXTENSIONS = YES;
				CLANG_ANALYZER_NONNULL = YES;
				CLANG_ANALYZER_NUMBER_OBJECT_CONVERSION = YES_AGGRESSIVE;
				CLANG_CXX_LANGUAGE_STANDARD = "gnu++20";
				CLANG_ENABLE_MODULES = YES;
				CLANG_ENABLE_OBJC_ARC = YES;
				CLANG_ENABLE_OBJC_WEAK = YES;
				CLANG_WARN_BLOCK_CAPTURE_AUTORELEASING = YES;
				CLANG_WARN_BOOL_CONVERSION = YES;
				CLANG_WARN_COMMA = YES;
				CLANG_WARN_CONSTANT_CONVERSION = YES;
				CLANG_WARN_DEPRECATED_OBJC_IMPLEMENTATIONS = YES;
				CLANG_WARN_DIRECT_OBJC_ISA_USAGE = YES_ERROR;
				CLANG_WARN_DOCUMENTATION_COMMENTS = YES;
				CLANG_WARN_EMPTY_BODY = YES;
				CLANG_WARN_ENUM_CONVERSION = YES;
				CLANG_WARN_INFINITE_RECURSION = YES;
				CLANG_WARN_INT_CONVERSION = YES;
				CLANG_WARN_NON_LITERAL_NULL_CONVERSION = YES;
				CLANG_WARN_OBJC_IMPLICIT_RETAIN_SELF = YES;
				CLANG_WARN_OBJC_LITERAL_CONVERSION = YES;
				CLANG_WARN_OBJC_ROOT_CLASS = YES_ERROR;
				CLANG_WARN_QUOTED_INCLUDE_IN_FRAMEWORK_HEADER = YES;
				CLANG_WARN_RANGE_LOOP_ANALYSIS = YES;
				CLANG_WARN_STRICT_PROTOTYPES = YES;
				CLANG_WARN_SUSPICIOUS_MOVE = YES;
				CLANG_WARN_UNGUARDED_AVAILABILITY = YES_AGGRESSIVE;
				CLANG_WARN_UNREACHABLE_CODE = YES;
				CLANG_WARN__DUPLICATE_METHOD_MATCH = YES;
				COPY_PHASE_STRIP = NO;
				DEBUG_INFORMATION_FORMAT = dwarf;
				ENABLE_STRICT_OBJC_MSGSEND = YES;
				ENABLE_TESTABILITY = YES;
				ENABLE_USER_SCRIPT_SANDBOXING = YES;
				GCC_C_LANGUAGE_STANDARD = gnu17;
				GCC_DYNAMIC_NO_PIC = NO;
				GCC_NO_COMMON_BLOCKS = YES;
				GCC_OPTIMIZATION_LEVEL = 0;
				GCC_PREPROCESSOR_DEFINITIONS = (
					"DEBUG=1",
					"$(inherited)",
				);
				GCC_WARN_64_TO_32_BIT_CONVERSION = YES;
				GCC_WARN_ABOUT_RETURN_TYPE = YES_ERROR;
				GCC_WARN_UNDECLARED_SELECTOR = YES;
				GCC_WARN_UNINITIALIZED_AUTOS = YES_AGGRESSIVE;
				GCC_WARN_UNUSED_FUNCTION = YES;
				GCC_WARN_UNUSED_VARIABLE = YES;
				IPHONEOS_DEPLOYMENT_TARGET = 17.2;
				LOCALIZATION_PREFERS_STRING_CATALOGS = YES;
				MTL_ENABLE_DEBUG_INFO = INCLUDE_SOURCE;
				MTL_FAST_MATH = YES;
				ONLY_ACTIVE_ARCH = YES;
				SDKROOT = iphoneos;
				SWIFT_ACTIVE_COMPILATION_CONDITIONS = "DEBUG $(inherited)";
				SWIFT_OPTIMIZATION_LEVEL = "-Onone";
			};
			name = Debug;
		};
		E12EBB092B8367C100E0BBE2 /* Release */ = {
			isa = XCBuildConfiguration;
			buildSettings = {
				ALWAYS_SEARCH_USER_PATHS = NO;
				ASSETCATALOG_COMPILER_GENERATE_SWIFT_ASSET_SYMBOL_EXTENSIONS = YES;
				CLANG_ANALYZER_NONNULL = YES;
				CLANG_ANALYZER_NUMBER_OBJECT_CONVERSION = YES_AGGRESSIVE;
				CLANG_CXX_LANGUAGE_STANDARD = "gnu++20";
				CLANG_ENABLE_MODULES = YES;
				CLANG_ENABLE_OBJC_ARC = YES;
				CLANG_ENABLE_OBJC_WEAK = YES;
				CLANG_WARN_BLOCK_CAPTURE_AUTORELEASING = YES;
				CLANG_WARN_BOOL_CONVERSION = YES;
				CLANG_WARN_COMMA = YES;
				CLANG_WARN_CONSTANT_CONVERSION = YES;
				CLANG_WARN_DEPRECATED_OBJC_IMPLEMENTATIONS = YES;
				CLANG_WARN_DIRECT_OBJC_ISA_USAGE = YES_ERROR;
				CLANG_WARN_DOCUMENTATION_COMMENTS = YES;
				CLANG_WARN_EMPTY_BODY = YES;
				CLANG_WARN_ENUM_CONVERSION = YES;
				CLANG_WARN_INFINITE_RECURSION = YES;
				CLANG_WARN_INT_CONVERSION = YES;
				CLANG_WARN_NON_LITERAL_NULL_CONVERSION = YES;
				CLANG_WARN_OBJC_IMPLICIT_RETAIN_SELF = YES;
				CLANG_WARN_OBJC_LITERAL_CONVERSION = YES;
				CLANG_WARN_OBJC_ROOT_CLASS = YES_ERROR;
				CLANG_WARN_QUOTED_INCLUDE_IN_FRAMEWORK_HEADER = YES;
				CLANG_WARN_RANGE_LOOP_ANALYSIS = YES;
				CLANG_WARN_STRICT_PROTOTYPES = YES;
				CLANG_WARN_SUSPICIOUS_MOVE = YES;
				CLANG_WARN_UNGUARDED_AVAILABILITY = YES_AGGRESSIVE;
				CLANG_WARN_UNREACHABLE_CODE = YES;
				CLANG_WARN__DUPLICATE_METHOD_MATCH = YES;
				COPY_PHASE_STRIP = NO;
				DEBUG_INFORMATION_FORMAT = "dwarf-with-dsym";
				ENABLE_NS_ASSERTIONS = NO;
				ENABLE_STRICT_OBJC_MSGSEND = YES;
				ENABLE_USER_SCRIPT_SANDBOXING = YES;
				GCC_C_LANGUAGE_STANDARD = gnu17;
				GCC_NO_COMMON_BLOCKS = YES;
				GCC_WARN_64_TO_32_BIT_CONVERSION = YES;
				GCC_WARN_ABOUT_RETURN_TYPE = YES_ERROR;
				GCC_WARN_UNDECLARED_SELECTOR = YES;
				GCC_WARN_UNINITIALIZED_AUTOS = YES_AGGRESSIVE;
				GCC_WARN_UNUSED_FUNCTION = YES;
				GCC_WARN_UNUSED_VARIABLE = YES;
				IPHONEOS_DEPLOYMENT_TARGET = 17.2;
				LOCALIZATION_PREFERS_STRING_CATALOGS = YES;
				MTL_ENABLE_DEBUG_INFO = NO;
				MTL_FAST_MATH = YES;
				SDKROOT = iphoneos;
				SWIFT_COMPILATION_MODE = wholemodule;
				VALIDATE_PRODUCT = YES;
			};
			name = Release;
		};
		E12EBB0B2B8367C100E0BBE2 /* Debug */ = {
			isa = XCBuildConfiguration;
			buildSettings = {
				ASSETCATALOG_COMPILER_APPICON_NAME = AppIcon;
				ASSETCATALOG_COMPILER_GLOBAL_ACCENT_COLOR_NAME = AccentColor;
				CODE_SIGN_STYLE = Automatic;
				CURRENT_PROJECT_VERSION = 1;
				DEVELOPMENT_ASSET_PATHS = "\"MapApp/Preview Content\"";
				DEVELOPMENT_TEAM = 5MW8948NCL;
				ENABLE_PREVIEWS = YES;
				GENERATE_INFOPLIST_FILE = YES;
				INFOPLIST_KEY_NSLocationWhenInUseUsageDescription = "\"This app requires your location in order to display it on the map\"";
				INFOPLIST_KEY_UIApplicationSceneManifest_Generation = YES;
				INFOPLIST_KEY_UIApplicationSupportsIndirectInputEvents = YES;
				INFOPLIST_KEY_UILaunchScreen_Generation = YES;
				INFOPLIST_KEY_UISupportedInterfaceOrientations_iPad = "UIInterfaceOrientationPortrait UIInterfaceOrientationPortraitUpsideDown UIInterfaceOrientationLandscapeLeft UIInterfaceOrientationLandscapeRight";
				INFOPLIST_KEY_UISupportedInterfaceOrientations_iPhone = "UIInterfaceOrientationPortrait UIInterfaceOrientationLandscapeLeft UIInterfaceOrientationLandscapeRight";
				LD_RUNPATH_SEARCH_PATHS = (
					"$(inherited)",
					"@executable_path/Frameworks",
				);
				MARKETING_VERSION = 1.0;
				PRODUCT_BUNDLE_IDENTIFIER = com.tharin.MapApp;
				PRODUCT_NAME = "$(TARGET_NAME)";
				SWIFT_EMIT_LOC_STRINGS = YES;
				SWIFT_VERSION = 5.0;
				TARGETED_DEVICE_FAMILY = "1,2";
			};
			name = Debug;
		};
		E12EBB0C2B8367C100E0BBE2 /* Release */ = {
			isa = XCBuildConfiguration;
			buildSettings = {
				ASSETCATALOG_COMPILER_APPICON_NAME = AppIcon;
				ASSETCATALOG_COMPILER_GLOBAL_ACCENT_COLOR_NAME = AccentColor;
				CODE_SIGN_STYLE = Automatic;
				CURRENT_PROJECT_VERSION = 1;
				DEVELOPMENT_ASSET_PATHS = "\"MapApp/Preview Content\"";
				DEVELOPMENT_TEAM = 5MW8948NCL;
				ENABLE_PREVIEWS = YES;
				GENERATE_INFOPLIST_FILE = YES;
				INFOPLIST_KEY_NSLocationWhenInUseUsageDescription = "\"This app requires your location in order to display it on the map\"";
				INFOPLIST_KEY_UIApplicationSceneManifest_Generation = YES;
				INFOPLIST_KEY_UIApplicationSupportsIndirectInputEvents = YES;
				INFOPLIST_KEY_UILaunchScreen_Generation = YES;
				INFOPLIST_KEY_UISupportedInterfaceOrientations_iPad = "UIInterfaceOrientationPortrait UIInterfaceOrientationPortraitUpsideDown UIInterfaceOrientationLandscapeLeft UIInterfaceOrientationLandscapeRight";
				INFOPLIST_KEY_UISupportedInterfaceOrientations_iPhone = "UIInterfaceOrientationPortrait UIInterfaceOrientationLandscapeLeft UIInterfaceOrientationLandscapeRight";
				LD_RUNPATH_SEARCH_PATHS = (
					"$(inherited)",
					"@executable_path/Frameworks",
				);
				MARKETING_VERSION = 1.0;
				PRODUCT_BUNDLE_IDENTIFIER = com.tharin.MapApp;
				PRODUCT_NAME = "$(TARGET_NAME)";
				SWIFT_EMIT_LOC_STRINGS = YES;
				SWIFT_VERSION = 5.0;
				TARGETED_DEVICE_FAMILY = "1,2";
			};
			name = Release;
		};
		E12EBB0E2B8367C100E0BBE2 /* Debug */ = {
			isa = XCBuildConfiguration;
			buildSettings = {
				ALWAYS_EMBED_SWIFT_STANDARD_LIBRARIES = YES;
				BUNDLE_LOADER = "$(TEST_HOST)";
				CODE_SIGN_STYLE = Automatic;
				CURRENT_PROJECT_VERSION = 1;
				DEVELOPMENT_TEAM = 5MW8948NCL;
				GENERATE_INFOPLIST_FILE = YES;
				IPHONEOS_DEPLOYMENT_TARGET = 17.2;
				MARKETING_VERSION = 1.0;
				PRODUCT_BUNDLE_IDENTIFIER = com.tharin.MapAppTests;
				PRODUCT_NAME = "$(TARGET_NAME)";
				SWIFT_EMIT_LOC_STRINGS = NO;
				SWIFT_VERSION = 5.0;
				TARGETED_DEVICE_FAMILY = "1,2";
				TEST_HOST = "$(BUILT_PRODUCTS_DIR)/MapApp.app/$(BUNDLE_EXECUTABLE_FOLDER_PATH)/MapApp";
			};
			name = Debug;
		};
		E12EBB0F2B8367C100E0BBE2 /* Release */ = {
			isa = XCBuildConfiguration;
			buildSettings = {
				ALWAYS_EMBED_SWIFT_STANDARD_LIBRARIES = YES;
				BUNDLE_LOADER = "$(TEST_HOST)";
				CODE_SIGN_STYLE = Automatic;
				CURRENT_PROJECT_VERSION = 1;
				DEVELOPMENT_TEAM = 5MW8948NCL;
				GENERATE_INFOPLIST_FILE = YES;
				IPHONEOS_DEPLOYMENT_TARGET = 17.2;
				MARKETING_VERSION = 1.0;
				PRODUCT_BUNDLE_IDENTIFIER = com.tharin.MapAppTests;
				PRODUCT_NAME = "$(TARGET_NAME)";
				SWIFT_EMIT_LOC_STRINGS = NO;
				SWIFT_VERSION = 5.0;
				TARGETED_DEVICE_FAMILY = "1,2";
				TEST_HOST = "$(BUILT_PRODUCTS_DIR)/MapApp.app/$(BUNDLE_EXECUTABLE_FOLDER_PATH)/MapApp";
			};
			name = Release;
		};
		E12EBB112B8367C100E0BBE2 /* Debug */ = {
			isa = XCBuildConfiguration;
			buildSettings = {
				ALWAYS_EMBED_SWIFT_STANDARD_LIBRARIES = YES;
				CODE_SIGN_STYLE = Automatic;
				CURRENT_PROJECT_VERSION = 1;
				DEVELOPMENT_TEAM = 5MW8948NCL;
				GENERATE_INFOPLIST_FILE = YES;
				MARKETING_VERSION = 1.0;
				PRODUCT_BUNDLE_IDENTIFIER = com.tharin.MapAppUITests;
				PRODUCT_NAME = "$(TARGET_NAME)";
				SWIFT_EMIT_LOC_STRINGS = NO;
				SWIFT_VERSION = 5.0;
				TARGETED_DEVICE_FAMILY = "1,2";
				TEST_TARGET_NAME = MapApp;
			};
			name = Debug;
		};
		E12EBB122B8367C100E0BBE2 /* Release */ = {
			isa = XCBuildConfiguration;
			buildSettings = {
				ALWAYS_EMBED_SWIFT_STANDARD_LIBRARIES = YES;
				CODE_SIGN_STYLE = Automatic;
				CURRENT_PROJECT_VERSION = 1;
				DEVELOPMENT_TEAM = 5MW8948NCL;
				GENERATE_INFOPLIST_FILE = YES;
				MARKETING_VERSION = 1.0;
				PRODUCT_BUNDLE_IDENTIFIER = com.tharin.MapAppUITests;
				PRODUCT_NAME = "$(TARGET_NAME)";
				SWIFT_EMIT_LOC_STRINGS = NO;
				SWIFT_VERSION = 5.0;
				TARGETED_DEVICE_FAMILY = "1,2";
				TEST_TARGET_NAME = MapApp;
			};
			name = Release;
		};
/* End XCBuildConfiguration section */

/* Begin XCConfigurationList section */
		E12EBAE12B8367BD00E0BBE2 /* Build configuration list for PBXProject "MapApp" */ = {
			isa = XCConfigurationList;
			buildConfigurations = (
				E12EBB082B8367C100E0BBE2 /* Debug */,
				E12EBB092B8367C100E0BBE2 /* Release */,
			);
			defaultConfigurationIsVisible = 0;
			defaultConfigurationName = Release;
		};
		E12EBB0A2B8367C100E0BBE2 /* Build configuration list for PBXNativeTarget "MapApp" */ = {
			isa = XCConfigurationList;
			buildConfigurations = (
				E12EBB0B2B8367C100E0BBE2 /* Debug */,
				E12EBB0C2B8367C100E0BBE2 /* Release */,
			);
			defaultConfigurationIsVisible = 0;
			defaultConfigurationName = Release;
		};
		E12EBB0D2B8367C100E0BBE2 /* Build configuration list for PBXNativeTarget "MapAppTests" */ = {
			isa = XCConfigurationList;
			buildConfigurations = (
				E12EBB0E2B8367C100E0BBE2 /* Debug */,
				E12EBB0F2B8367C100E0BBE2 /* Release */,
			);
			defaultConfigurationIsVisible = 0;
			defaultConfigurationName = Release;
		};
		E12EBB102B8367C100E0BBE2 /* Build configuration list for PBXNativeTarget "MapAppUITests" */ = {
			isa = XCConfigurationList;
			buildConfigurations = (
				E12EBB112B8367C100E0BBE2 /* Debug */,
				E12EBB122B8367C100E0BBE2 /* Release */,
			);
			defaultConfigurationIsVisible = 0;
			defaultConfigurationName = Release;
		};
/* End XCConfigurationList section */
	};
	rootObject = E12EBADE2B8367BD00E0BBE2 /* Project object */;
}
